
Microsoft Visual Studio Solution File, Format Version 12.00
Project("{FAE04EC0-301F-11D3-BF4B-00C04F79EFBC}") = "ShabbatBrunch", "ShabbatBrunch\ShabbatBrunch.csproj", "{AE9AD765-F169-4DFB-A0A5-36AAA90321EF}"
EndProject
Global
	GlobalSection(SolutionConfigurationPlatforms) = preSolution
		Debug|Any CPU = Debug|Any CPU
		Release|Any CPU = Release|Any CPU
	EndGlobalSection
	GlobalSection(ProjectConfigurationPlatforms) = postSolution
		{AE9AD765-F169-4DFB-A0A5-36AAA90321EF}.Debug|Any CPU.ActiveCfg = Debug|Any CPU
		{AE9AD765-F169-4DFB-A0A5-36AAA90321EF}.Debug|Any CPU.Build.0 = Debug|Any CPU
		{AE9AD765-F169-4DFB-A0A5-36AAA90321EF}.Release|Any CPU.ActiveCfg = Release|Any CPU
		{AE9AD765-F169-4DFB-A0A5-36AAA90321EF}.Release|Any CPU.Build.0 = Release|Any CPU
	EndGlobalSection
	
EndGlobal
